
Microsoft Visual Studio Solution File, Format Version 12.00
# Visual Studio Version 17
VisualStudioVersion = 17.4.33213.308
MinimumVisualStudioVersion = 10.0.40219.1
Project("{FAE04EC0-301F-11D3-BF4B-00C04F79EFBC}") = "API1", "API1\API1.csproj", "{2C9C3563-F323-4E81-8890-1FD7AA922C7A}"
EndProject
Global
	GlobalSection(SolutionConfigurationPlatforms) = preSolution
		Debug|Any CPU = Debug|Any CPU
		Release|Any CPU = Release|Any CPU
	EndGlobalSection
	GlobalSection(ProjectConfigurationPlatforms) = postSolution
		{2C9C3563-F323-4E81-8890-1FD7AA922C7A}.Debug|Any CPU.ActiveCfg = Debug|Any CPU
		{2C9C3563-F323-4E81-8890-1FD7AA922C7A}.Debug|Any CPU.Build.0 = Debug|Any CPU
		{2C9C3563-F323-4E81-8890-1FD7AA922C7A}.Release|Any CPU.ActiveCfg = Release|Any CPU
		{2C9C3563-F323-4E81-8890-1FD7AA922C7A}.Release|Any CPU.Build.0 = Release|Any CPU
	EndGlobalSection
	GlobalSection(SolutionProperties) = preSolution
		HideSolutionNode = FALSE
	EndGlobalSection
	GlobalSection(ExtensibilityGlobals) = postSolution
		SolutionGuid = {2CF076C9-B8EC-470D-B331-6F0F20F68D27}
	EndGlobalSection
EndGlobal
